
Microsoft Visual Studio Solution File, Format Version 12.00
# Visual Studio Version 16
VisualStudioVersion = 16.0.30320.27
MinimumVisualStudioVersion = 10.0.40219.1
Project("{FAE04EC0-301F-11D3-BF4B-00C04F79EFBC}") = "Task_manager", "Desktop_Starter\Task_manager.csproj", "{AADB9793-621C-46CB-B773-3485DA6B4969}"
EndProject
Project("{FAE04EC0-301F-11D3-BF4B-00C04F79EFBC}") = "Models", "Models\Models.csproj", "{A311077A-603D-4935-92BE-B2DBB4C83DF1}"
EndProject
Project("{FAE04EC0-301F-11D3-BF4B-00C04F79EFBC}") = "Resources", "Resources\Resources.csproj", "{361ABC2E-6659-4794-947F-FF46ADCB4E19}"
EndProject
Global
	GlobalSection(SolutionConfigurationPlatforms) = preSolution
		Debug|Any CPU = Debug|Any CPU
		Release|Any CPU = Release|Any CPU
	EndGlobalSection
	GlobalSection(ProjectConfigurationPlatforms) = postSolution
		{AADB9793-621C-46CB-B773-3485DA6B4969}.Debug|Any CPU.ActiveCfg = Debug|Any CPU
		{AADB9793-621C-46CB-B773-3485DA6B4969}.Debug|Any CPU.Build.0 = Debug|Any CPU
		{AADB9793-621C-46CB-B773-3485DA6B4969}.Release|Any CPU.ActiveCfg = Release|Any CPU
		{AADB9793-621C-46CB-B773-3485DA6B4969}.Release|Any CPU.Build.0 = Release|Any CPU
		{A311077A-603D-4935-92BE-B2DBB4C83DF1}.Debug|Any CPU.ActiveCfg = Debug|Any CPU
		{A311077A-603D-4935-92BE-B2DBB4C83DF1}.Debug|Any CPU.Build.0 = Debug|Any CPU
		{A311077A-603D-4935-92BE-B2DBB4C83DF1}.Release|Any CPU.ActiveCfg = Release|Any CPU
		{A311077A-603D-4935-92BE-B2DBB4C83DF1}.Release|Any CPU.Build.0 = Release|Any CPU
		{361ABC2E-6659-4794-947F-FF46ADCB4E19}.Debug|Any CPU.ActiveCfg = Debug|Any CPU
		{361ABC2E-6659-4794-947F-FF46ADCB4E19}.Debug|Any CPU.Build.0 = Debug|Any CPU
		{361ABC2E-6659-4794-947F-FF46ADCB4E19}.Release|Any CPU.ActiveCfg = Release|Any CPU
		{361ABC2E-6659-4794-947F-FF46ADCB4E19}.Release|Any CPU.Build.0 = Release|Any CPU
	EndGlobalSection
	GlobalSection(SolutionProperties) = preSolution
		HideSolutionNode = FALSE
	EndGlobalSection
	GlobalSection(ExtensibilityGlobals) = postSolution
		SolutionGuid = {82DAF520-B8E1-42FC-BCFF-97DC64E07DCB}
	EndGlobalSection
EndGlobal
